
Microsoft Visual Studio Solution File, Format Version 12.00
# Visual Studio Version 17
VisualStudioVersion = 17.4.33213.308
MinimumVisualStudioVersion = 10.0.40219.1
Project("{FAE04EC0-301F-11D3-BF4B-00C04F79EFBC}") = "ParamPracticum.Api", "ParamPracticum.Api\ParamPracticum.Api.csproj", "{D578914A-BB84-4937-BC5F-EE442731C5C6}"
EndProject
Project("{FAE04EC0-301F-11D3-BF4B-00C04F79EFBC}") = "ParamPracticum.Base", "ParamPracticum.Base\ParamPracticum.Base.csproj", "{DFD795BD-46F8-40D9-B619-3D0819EAB5DB}"
EndProject
Project("{FAE04EC0-301F-11D3-BF4B-00C04F79EFBC}") = "ParamPracticum.Data", "ParamPracticum.Data\ParamPracticum.Data.csproj", "{1F3BC9BE-CA00-4233-8F76-4397FE7CC10B}"
EndProject
Project("{FAE04EC0-301F-11D3-BF4B-00C04F79EFBC}") = "ParamPracticum.Dto", "ParamPracticum.Dto\ParamPracticum.Dto.csproj", "{ED78B38A-C676-43EF-8184-91C163922ADB}"
EndProject
Project("{FAE04EC0-301F-11D3-BF4B-00C04F79EFBC}") = "ParamPracticum.Service", "ParamPracticum.Service\ParamPracticum.Service.csproj", "{68415AA4-B81B-4222-9DA3-611F37CF2AEA}"
EndProject
Global
	GlobalSection(SolutionConfigurationPlatforms) = preSolution
		Debug|Any CPU = Debug|Any CPU
		Release|Any CPU = Release|Any CPU
	EndGlobalSection
	GlobalSection(ProjectConfigurationPlatforms) = postSolution
		{D578914A-BB84-4937-BC5F-EE442731C5C6}.Debug|Any CPU.ActiveCfg = Debug|Any CPU
		{D578914A-BB84-4937-BC5F-EE442731C5C6}.Debug|Any CPU.Build.0 = Debug|Any CPU
		{D578914A-BB84-4937-BC5F-EE442731C5C6}.Release|Any CPU.ActiveCfg = Release|Any CPU
		{D578914A-BB84-4937-BC5F-EE442731C5C6}.Release|Any CPU.Build.0 = Release|Any CPU
		{DFD795BD-46F8-40D9-B619-3D0819EAB5DB}.Debug|Any CPU.ActiveCfg = Debug|Any CPU
		{DFD795BD-46F8-40D9-B619-3D0819EAB5DB}.Debug|Any CPU.Build.0 = Debug|Any CPU
		{DFD795BD-46F8-40D9-B619-3D0819EAB5DB}.Release|Any CPU.ActiveCfg = Release|Any CPU
		{DFD795BD-46F8-40D9-B619-3D0819EAB5DB}.Release|Any CPU.Build.0 = Release|Any CPU
		{1F3BC9BE-CA00-4233-8F76-4397FE7CC10B}.Debug|Any CPU.ActiveCfg = Debug|Any CPU
		{1F3BC9BE-CA00-4233-8F76-4397FE7CC10B}.Debug|Any CPU.Build.0 = Debug|Any CPU
		{1F3BC9BE-CA00-4233-8F76-4397FE7CC10B}.Release|Any CPU.ActiveCfg = Release|Any CPU
		{1F3BC9BE-CA00-4233-8F76-4397FE7CC10B}.Release|Any CPU.Build.0 = Release|Any CPU
		{ED78B38A-C676-43EF-8184-91C163922ADB}.Debug|Any CPU.ActiveCfg = Debug|Any CPU
		{ED78B38A-C676-43EF-8184-91C163922ADB}.Debug|Any CPU.Build.0 = Debug|Any CPU
		{ED78B38A-C676-43EF-8184-91C163922ADB}.Release|Any CPU.ActiveCfg = Release|Any CPU
		{ED78B38A-C676-43EF-8184-91C163922ADB}.Release|Any CPU.Build.0 = Release|Any CPU
		{68415AA4-B81B-4222-9DA3-611F37CF2AEA}.Debug|Any CPU.ActiveCfg = Debug|Any CPU
		{68415AA4-B81B-4222-9DA3-611F37CF2AEA}.Debug|Any CPU.Build.0 = Debug|Any CPU
		{68415AA4-B81B-4222-9DA3-611F37CF2AEA}.Release|Any CPU.ActiveCfg = Release|Any CPU
		{68415AA4-B81B-4222-9DA3-611F37CF2AEA}.Release|Any CPU.Build.0 = Release|Any CPU
	EndGlobalSection
	GlobalSection(SolutionProperties) = preSolution
		HideSolutionNode = FALSE
	EndGlobalSection
	GlobalSection(ExtensibilityGlobals) = postSolution
		SolutionGuid = {6ED5460E-B667-4BBF-A8F2-C0AA12265B62}
	EndGlobalSection
EndGlobal
